
Microsoft Visual Studio Solution File, Format Version 12.00
# Visual Studio Version 18
VisualStudioVersion = 18.0.11222.15 d18.0
MinimumVisualStudioVersion = 10.0.40219.1
Project("{FAE04EC0-301F-11D3-BF4B-00C04F79EFBC}") = "Nipton", "Nipton\Nipton.csproj", "{FC0E35FF-DD43-425F-B13D-E50020E08A3D}"
EndProject
Project("{FAE04EC0-301F-11D3-BF4B-00C04F79EFBC}") = "Nipton.DataContext", "Nipton.DataContext\Nipton.DataContext.csproj", "{F820F2F5-BFFE-4A3D-8AAF-3EE0EE2BCD10}"
EndProject
Project("{FAE04EC0-301F-11D3-BF4B-00C04F79EFBC}") = "Nipton.Services", "Nipton.Services\Nipton.Services.csproj", "{991D1F87-451E-4AEA-BEDD-3FD84D14E448}"
EndProject
Global
	GlobalSection(SolutionConfigurationPlatforms) = preSolution
		Debug|Any CPU = Debug|Any CPU
		Release|Any CPU = Release|Any CPU
	EndGlobalSection
	GlobalSection(ProjectConfigurationPlatforms) = postSolution
		{FC0E35FF-DD43-425F-B13D-E50020E08A3D}.Debug|Any CPU.ActiveCfg = Debug|Any CPU
		{FC0E35FF-DD43-425F-B13D-E50020E08A3D}.Debug|Any CPU.Build.0 = Debug|Any CPU
		{FC0E35FF-DD43-425F-B13D-E50020E08A3D}.Release|Any CPU.ActiveCfg = Release|Any CPU
		{FC0E35FF-DD43-425F-B13D-E50020E08A3D}.Release|Any CPU.Build.0 = Release|Any CPU
		{F820F2F5-BFFE-4A3D-8AAF-3EE0EE2BCD10}.Debug|Any CPU.ActiveCfg = Debug|Any CPU
		{F820F2F5-BFFE-4A3D-8AAF-3EE0EE2BCD10}.Debug|Any CPU.Build.0 = Debug|Any CPU
		{F820F2F5-BFFE-4A3D-8AAF-3EE0EE2BCD10}.Release|Any CPU.ActiveCfg = Release|Any CPU
		{F820F2F5-BFFE-4A3D-8AAF-3EE0EE2BCD10}.Release|Any CPU.Build.0 = Release|Any CPU
		{991D1F87-451E-4AEA-BEDD-3FD84D14E448}.Debug|Any CPU.ActiveCfg = Debug|Any CPU
		{991D1F87-451E-4AEA-BEDD-3FD84D14E448}.Debug|Any CPU.Build.0 = Debug|Any CPU
		{991D1F87-451E-4AEA-BEDD-3FD84D14E448}.Release|Any CPU.ActiveCfg = Release|Any CPU
		{991D1F87-451E-4AEA-BEDD-3FD84D14E448}.Release|Any CPU.Build.0 = Release|Any CPU
	EndGlobalSection
	GlobalSection(SolutionProperties) = preSolution
		HideSolutionNode = FALSE
	EndGlobalSection
	GlobalSection(ExtensibilityGlobals) = postSolution
		SolutionGuid = {E4E31794-7469-4F0A-9373-036088D8CC8E}
	EndGlobalSection
EndGlobal
